
Microsoft Visual Studio Solution File, Format Version 12.00
# Visual Studio Version 17
VisualStudioVersion = 17.14.36401.2 d17.14
MinimumVisualStudioVersion = 10.0.40219.1
Project("{FAE04EC0-301F-11D3-BF4B-00C04F79EFBC}") = "Simplified.Medistock", "Simplified.Medistock\Simplified.Medistock.csproj", "{055AA27E-8896-41C1-804C-A6A29B73D564}"
EndProject
Global
	GlobalSection(SolutionConfigurationPlatforms) = preSolution
		Debug|Any CPU = Debug|Any CPU
		Release|Any CPU = Release|Any CPU
	EndGlobalSection
	GlobalSection(ProjectConfigurationPlatforms) = postSolution
		{055AA27E-8896-41C1-804C-A6A29B73D564}.Debug|Any CPU.ActiveCfg = Debug|Any CPU
		{055AA27E-8896-41C1-804C-A6A29B73D564}.Debug|Any CPU.Build.0 = Debug|Any CPU
		{055AA27E-8896-41C1-804C-A6A29B73D564}.Release|Any CPU.ActiveCfg = Release|Any CPU
		{055AA27E-8896-41C1-804C-A6A29B73D564}.Release|Any CPU.Build.0 = Release|Any CPU
	EndGlobalSection
	GlobalSection(SolutionProperties) = preSolution
		HideSolutionNode = FALSE
	EndGlobalSection
	GlobalSection(ExtensibilityGlobals) = postSolution
		SolutionGuid = {1DC5FDBF-5C1B-4149-AD86-EDD25CAE4009}
	EndGlobalSection
EndGlobal
